
Microsoft Visual Studio Solution File, Format Version 12.00
# Visual Studio Version 17
VisualStudioVersion = 17.8.34330.188
MinimumVisualStudioVersion = 10.0.40219.1
Project("{FAE04EC0-301F-11D3-BF4B-00C04F79EFBC}") = "libsndfile.NET8", "libsndfile.NET8\libsndfile.NET8.csproj", "{51C581C4-63AB-4D49-9F53-DFAB2B8E83F7}"
EndProject
Global
	GlobalSection(SolutionConfigurationPlatforms) = preSolution
		Debug|Any CPU = Debug|Any CPU
		Release|Any CPU = Release|Any CPU
	EndGlobalSection
	GlobalSection(ProjectConfigurationPlatforms) = postSolution
		{51C581C4-63AB-4D49-9F53-DFAB2B8E83F7}.Debug|Any CPU.ActiveCfg = Debug|Any CPU
		{51C581C4-63AB-4D49-9F53-DFAB2B8E83F7}.Debug|Any CPU.Build.0 = Debug|Any CPU
		{51C581C4-63AB-4D49-9F53-DFAB2B8E83F7}.Release|Any CPU.ActiveCfg = Release|Any CPU
		{51C581C4-63AB-4D49-9F53-DFAB2B8E83F7}.Release|Any CPU.Build.0 = Release|Any CPU
	EndGlobalSection
	GlobalSection(SolutionProperties) = preSolution
		HideSolutionNode = FALSE
	EndGlobalSection
	GlobalSection(ExtensibilityGlobals) = postSolution
		SolutionGuid = {1F643DFF-29F5-4478-B0A4-2A587DA68541}
	EndGlobalSection
EndGlobal
